
Microsoft Visual Studio Solution File, Format Version 12.00
# Visual Studio Version 17
VisualStudioVersion = 17.6.33829.357
MinimumVisualStudioVersion = 10.0.40219.1
Project("{FAE04EC0-301F-11D3-BF4B-00C04F79EFBC}") = "08_The Greatest Number", "08_The Greatest Number.csproj", "{3AA26322-A3F3-4F5B-A6A8-4F14DBED08D3}"
EndProject
Global
	GlobalSection(SolutionConfigurationPlatforms) = preSolution
		Debug|Any CPU = Debug|Any CPU
		Release|Any CPU = Release|Any CPU
	EndGlobalSection
	GlobalSection(ProjectConfigurationPlatforms) = postSolution
		{3AA26322-A3F3-4F5B-A6A8-4F14DBED08D3}.Debug|Any CPU.ActiveCfg = Debug|Any CPU
		{3AA26322-A3F3-4F5B-A6A8-4F14DBED08D3}.Debug|Any CPU.Build.0 = Debug|Any CPU
		{3AA26322-A3F3-4F5B-A6A8-4F14DBED08D3}.Release|Any CPU.ActiveCfg = Release|Any CPU
		{3AA26322-A3F3-4F5B-A6A8-4F14DBED08D3}.Release|Any CPU.Build.0 = Release|Any CPU
	EndGlobalSection
	GlobalSection(SolutionProperties) = preSolution
		HideSolutionNode = FALSE
	EndGlobalSection
	GlobalSection(ExtensibilityGlobals) = postSolution
		SolutionGuid = {1CC64BD8-8306-40C9-AB1E-0B27C11F42E7}
	EndGlobalSection
EndGlobal
