
Microsoft Visual Studio Solution File, Format Version 12.00
# Visual Studio Version 17
VisualStudioVersion = 17.6.33829.357
MinimumVisualStudioVersion = 10.0.40219.1
Project("{FAE04EC0-301F-11D3-BF4B-00C04F79EFBC}") = "01_Number Pyramid_Big_Code", "01_Number Pyramid_Big_Code.csproj", "{FDA65A34-5B81-4A57-BB92-064830CA5191}"
EndProject
Global
	GlobalSection(SolutionConfigurationPlatforms) = preSolution
		Debug|Any CPU = Debug|Any CPU
		Release|Any CPU = Release|Any CPU
	EndGlobalSection
	GlobalSection(ProjectConfigurationPlatforms) = postSolution
		{FDA65A34-5B81-4A57-BB92-064830CA5191}.Debug|Any CPU.ActiveCfg = Debug|Any CPU
		{FDA65A34-5B81-4A57-BB92-064830CA5191}.Debug|Any CPU.Build.0 = Debug|Any CPU
		{FDA65A34-5B81-4A57-BB92-064830CA5191}.Release|Any CPU.ActiveCfg = Release|Any CPU
		{FDA65A34-5B81-4A57-BB92-064830CA5191}.Release|Any CPU.Build.0 = Release|Any CPU
	EndGlobalSection
	GlobalSection(SolutionProperties) = preSolution
		HideSolutionNode = FALSE
	EndGlobalSection
	GlobalSection(ExtensibilityGlobals) = postSolution
		SolutionGuid = {6E9440F1-CB0C-405D-9302-BF877A7780F4}
	EndGlobalSection
EndGlobal
