
Microsoft Visual Studio Solution File, Format Version 12.00
# Visual Studio Version 17
VisualStudioVersion = 17.6.33829.357
MinimumVisualStudioVersion = 10.0.40219.1
Project("{9A19103F-16F7-4668-BE54-9A1E7A4F7556}") = "02_Largest Number Out Of Three", "02_Largest Number Out Of Three.csproj", "{BB0400E5-DC9B-4685-8AC8-DC9C7589E304}"
EndProject
Global
	GlobalSection(SolutionConfigurationPlatforms) = preSolution
		Debug|Any CPU = Debug|Any CPU
		Release|Any CPU = Release|Any CPU
	EndGlobalSection
	GlobalSection(ProjectConfigurationPlatforms) = postSolution
		{BB0400E5-DC9B-4685-8AC8-DC9C7589E304}.Debug|Any CPU.ActiveCfg = Debug|Any CPU
		{BB0400E5-DC9B-4685-8AC8-DC9C7589E304}.Debug|Any CPU.Build.0 = Debug|Any CPU
		{BB0400E5-DC9B-4685-8AC8-DC9C7589E304}.Release|Any CPU.ActiveCfg = Release|Any CPU
		{BB0400E5-DC9B-4685-8AC8-DC9C7589E304}.Release|Any CPU.Build.0 = Release|Any CPU
	EndGlobalSection
	GlobalSection(SolutionProperties) = preSolution
		HideSolutionNode = FALSE
	EndGlobalSection
	GlobalSection(ExtensibilityGlobals) = postSolution
		SolutionGuid = {8CAF99C4-B9A2-4717-9445-B047850B2010}
	EndGlobalSection
EndGlobal
