
Microsoft Visual Studio Solution File, Format Version 12.00
# Visual Studio Version 17
VisualStudioVersion = 17.6.33829.357
MinimumVisualStudioVersion = 10.0.40219.1
Project("{9A19103F-16F7-4668-BE54-9A1E7A4F7556}") = "01_Number Type", "01_Number Type\01_Number Type.csproj", "{E095687F-D083-4B88-84DD-926F5D041CAC}"
EndProject
Project("{9A19103F-16F7-4668-BE54-9A1E7A4F7556}") = "02_ATM", "02_ATM\02_ATM.csproj", "{A37A3850-4F92-4CA0-A07E-C3E268E6F00A}"
EndProject
Project("{9A19103F-16F7-4668-BE54-9A1E7A4F7556}") = "03_Biggest of Five Numbers", "03_Biggest of Five Numbers\03_Biggest of Five Numbers.csproj", "{C0F73626-7287-4D4B-8E26-74BB9BB32F4C}"
EndProject
Project("{9A19103F-16F7-4668-BE54-9A1E7A4F7556}") = "04_Number Operations", "04_Number Operations\04_Number Operations.csproj", "{7F45B675-F74A-48E0-A1CB-C05B1F1EF201}"
EndProject
Project("{9A19103F-16F7-4668-BE54-9A1E7A4F7556}") = "05_Vacation Expenses", "05_Vacation Expenses\05_Vacation Expenses.csproj", "{C290CA86-7A88-4432-B0AE-574CDF5A928E}"
EndProject
Project("{9A19103F-16F7-4668-BE54-9A1E7A4F7556}") = "06_Product of Three Numbers", "06_Product of Three Numbers\06_Product of Three Numbers.csproj", "{3174AAE9-991F-4C4D-84C1-A5445779B7D0}"
EndProject
Project("{9A19103F-16F7-4668-BE54-9A1E7A4F7556}") = "07_Working Hours", "07_Working Hours\07_Working Hours.csproj", "{5F4A16C1-5C6E-4545-8B22-15401B1DE3E6}"
EndProject
Project("{9A19103F-16F7-4668-BE54-9A1E7A4F7556}") = "08_Invalid Number", "08_Invalid Number\08_Invalid Number.csproj", "{A86CD597-37A3-4797-8A94-2EF45EAEB094}"
EndProject
Project("{9A19103F-16F7-4668-BE54-9A1E7A4F7556}") = "09_Sum Seconds", "09_Sum Seconds\09_Sum Seconds.csproj", "{93100A57-0396-4F93-99E5-85324EB9B49C}"
EndProject
Project("{FAE04EC0-301F-11D3-BF4B-00C04F79EFBC}") = "10_Summer Outfit", "10_Summer Outfit\10_Summer Outfit\10_Summer Outfit.csproj", "{0BEEC47A-2156-48C4-A10E-D5CE0E970E14}"
EndProject
Global
	GlobalSection(SolutionConfigurationPlatforms) = preSolution
		Debug|Any CPU = Debug|Any CPU
		Release|Any CPU = Release|Any CPU
	EndGlobalSection
	GlobalSection(ProjectConfigurationPlatforms) = postSolution
		{E095687F-D083-4B88-84DD-926F5D041CAC}.Debug|Any CPU.ActiveCfg = Debug|Any CPU
		{E095687F-D083-4B88-84DD-926F5D041CAC}.Debug|Any CPU.Build.0 = Debug|Any CPU
		{E095687F-D083-4B88-84DD-926F5D041CAC}.Release|Any CPU.ActiveCfg = Release|Any CPU
		{E095687F-D083-4B88-84DD-926F5D041CAC}.Release|Any CPU.Build.0 = Release|Any CPU
		{A37A3850-4F92-4CA0-A07E-C3E268E6F00A}.Debug|Any CPU.ActiveCfg = Debug|Any CPU
		{A37A3850-4F92-4CA0-A07E-C3E268E6F00A}.Debug|Any CPU.Build.0 = Debug|Any CPU
		{A37A3850-4F92-4CA0-A07E-C3E268E6F00A}.Release|Any CPU.ActiveCfg = Release|Any CPU
		{A37A3850-4F92-4CA0-A07E-C3E268E6F00A}.Release|Any CPU.Build.0 = Release|Any CPU
		{C0F73626-7287-4D4B-8E26-74BB9BB32F4C}.Debug|Any CPU.ActiveCfg = Debug|Any CPU
		{C0F73626-7287-4D4B-8E26-74BB9BB32F4C}.Debug|Any CPU.Build.0 = Debug|Any CPU
		{C0F73626-7287-4D4B-8E26-74BB9BB32F4C}.Release|Any CPU.ActiveCfg = Release|Any CPU
		{C0F73626-7287-4D4B-8E26-74BB9BB32F4C}.Release|Any CPU.Build.0 = Release|Any CPU
		{7F45B675-F74A-48E0-A1CB-C05B1F1EF201}.Debug|Any CPU.ActiveCfg = Debug|Any CPU
		{7F45B675-F74A-48E0-A1CB-C05B1F1EF201}.Debug|Any CPU.Build.0 = Debug|Any CPU
		{7F45B675-F74A-48E0-A1CB-C05B1F1EF201}.Release|Any CPU.ActiveCfg = Release|Any CPU
		{7F45B675-F74A-48E0-A1CB-C05B1F1EF201}.Release|Any CPU.Build.0 = Release|Any CPU
		{C290CA86-7A88-4432-B0AE-574CDF5A928E}.Debug|Any CPU.ActiveCfg = Debug|Any CPU
		{C290CA86-7A88-4432-B0AE-574CDF5A928E}.Debug|Any CPU.Build.0 = Debug|Any CPU
		{C290CA86-7A88-4432-B0AE-574CDF5A928E}.Release|Any CPU.ActiveCfg = Release|Any CPU
		{C290CA86-7A88-4432-B0AE-574CDF5A928E}.Release|Any CPU.Build.0 = Release|Any CPU
		{3174AAE9-991F-4C4D-84C1-A5445779B7D0}.Debug|Any CPU.ActiveCfg = Debug|Any CPU
		{3174AAE9-991F-4C4D-84C1-A5445779B7D0}.Debug|Any CPU.Build.0 = Debug|Any CPU
		{3174AAE9-991F-4C4D-84C1-A5445779B7D0}.Release|Any CPU.ActiveCfg = Release|Any CPU
		{3174AAE9-991F-4C4D-84C1-A5445779B7D0}.Release|Any CPU.Build.0 = Release|Any CPU
		{5F4A16C1-5C6E-4545-8B22-15401B1DE3E6}.Debug|Any CPU.ActiveCfg = Debug|Any CPU
		{5F4A16C1-5C6E-4545-8B22-15401B1DE3E6}.Debug|Any CPU.Build.0 = Debug|Any CPU
		{5F4A16C1-5C6E-4545-8B22-15401B1DE3E6}.Release|Any CPU.ActiveCfg = Release|Any CPU
		{5F4A16C1-5C6E-4545-8B22-15401B1DE3E6}.Release|Any CPU.Build.0 = Release|Any CPU
		{A86CD597-37A3-4797-8A94-2EF45EAEB094}.Debug|Any CPU.ActiveCfg = Debug|Any CPU
		{A86CD597-37A3-4797-8A94-2EF45EAEB094}.Debug|Any CPU.Build.0 = Debug|Any CPU
		{A86CD597-37A3-4797-8A94-2EF45EAEB094}.Release|Any CPU.ActiveCfg = Release|Any CPU
		{A86CD597-37A3-4797-8A94-2EF45EAEB094}.Release|Any CPU.Build.0 = Release|Any CPU
		{93100A57-0396-4F93-99E5-85324EB9B49C}.Debug|Any CPU.ActiveCfg = Debug|Any CPU
		{93100A57-0396-4F93-99E5-85324EB9B49C}.Debug|Any CPU.Build.0 = Debug|Any CPU
		{93100A57-0396-4F93-99E5-85324EB9B49C}.Release|Any CPU.ActiveCfg = Release|Any CPU
		{93100A57-0396-4F93-99E5-85324EB9B49C}.Release|Any CPU.Build.0 = Release|Any CPU
		{0BEEC47A-2156-48C4-A10E-D5CE0E970E14}.Debug|Any CPU.ActiveCfg = Debug|Any CPU
		{0BEEC47A-2156-48C4-A10E-D5CE0E970E14}.Debug|Any CPU.Build.0 = Debug|Any CPU
		{0BEEC47A-2156-48C4-A10E-D5CE0E970E14}.Release|Any CPU.ActiveCfg = Release|Any CPU
		{0BEEC47A-2156-48C4-A10E-D5CE0E970E14}.Release|Any CPU.Build.0 = Release|Any CPU
	EndGlobalSection
	GlobalSection(SolutionProperties) = preSolution
		HideSolutionNode = FALSE
	EndGlobalSection
	GlobalSection(ExtensibilityGlobals) = postSolution
		SolutionGuid = {97B417B4-B9F7-4604-A6B1-ED6B40D19968}
	EndGlobalSection
EndGlobal
