
Microsoft Visual Studio Solution File, Format Version 12.00
# Visual Studio Version 17
VisualStudioVersion = 17.6.33829.357
MinimumVisualStudioVersion = 10.0.40219.1
Project("{FAE04EC0-301F-11D3-BF4B-00C04F79EFBC}") = "04_Mandatory Literature", "04_Mandatory Literature.csproj", "{B7E8A07C-9E25-41E7-BF59-7DDB6AA90377}"
EndProject
Global
	GlobalSection(SolutionConfigurationPlatforms) = preSolution
		Debug|Any CPU = Debug|Any CPU
		Release|Any CPU = Release|Any CPU
	EndGlobalSection
	GlobalSection(ProjectConfigurationPlatforms) = postSolution
		{B7E8A07C-9E25-41E7-BF59-7DDB6AA90377}.Debug|Any CPU.ActiveCfg = Debug|Any CPU
		{B7E8A07C-9E25-41E7-BF59-7DDB6AA90377}.Debug|Any CPU.Build.0 = Debug|Any CPU
		{B7E8A07C-9E25-41E7-BF59-7DDB6AA90377}.Release|Any CPU.ActiveCfg = Release|Any CPU
		{B7E8A07C-9E25-41E7-BF59-7DDB6AA90377}.Release|Any CPU.Build.0 = Release|Any CPU
	EndGlobalSection
	GlobalSection(SolutionProperties) = preSolution
		HideSolutionNode = FALSE
	EndGlobalSection
	GlobalSection(ExtensibilityGlobals) = postSolution
		SolutionGuid = {85D8FB62-2563-4F0D-BF55-A561AE63ED21}
	EndGlobalSection
EndGlobal
