
Microsoft Visual Studio Solution File, Format Version 12.00
# Visual Studio Version 17
VisualStudioVersion = 17.6.33829.357
MinimumVisualStudioVersion = 10.0.40219.1
Project("{FAE04EC0-301F-11D3-BF4B-00C04F79EFBC}") = "9_Moving Out", "9_Moving Out.csproj", "{7609D706-5FE1-485E-8FFC-26600D9FCAA0}"
EndProject
Global
	GlobalSection(SolutionConfigurationPlatforms) = preSolution
		Debug|Any CPU = Debug|Any CPU
		Release|Any CPU = Release|Any CPU
	EndGlobalSection
	GlobalSection(ProjectConfigurationPlatforms) = postSolution
		{7609D706-5FE1-485E-8FFC-26600D9FCAA0}.Debug|Any CPU.ActiveCfg = Debug|Any CPU
		{7609D706-5FE1-485E-8FFC-26600D9FCAA0}.Debug|Any CPU.Build.0 = Debug|Any CPU
		{7609D706-5FE1-485E-8FFC-26600D9FCAA0}.Release|Any CPU.ActiveCfg = Release|Any CPU
		{7609D706-5FE1-485E-8FFC-26600D9FCAA0}.Release|Any CPU.Build.0 = Release|Any CPU
	EndGlobalSection
	GlobalSection(SolutionProperties) = preSolution
		HideSolutionNode = FALSE
	EndGlobalSection
	GlobalSection(ExtensibilityGlobals) = postSolution
		SolutionGuid = {4FAA1627-41C8-4A90-B958-D4E149A3241D}
	EndGlobalSection
EndGlobal
