
Microsoft Visual Studio Solution File, Format Version 12.00
# Visual Studio Version 17
VisualStudioVersion = 17.6.33829.357
MinimumVisualStudioVersion = 10.0.40219.1
Project("{9A19103F-16F7-4668-BE54-9A1E7A4F7556}") = "05_Fruit or Vegetable", "05_Fruit or Vegetable.csproj", "{9D9E0514-DBBA-4E82-8ADB-49BF25747DFD}"
EndProject
Global
	GlobalSection(SolutionConfigurationPlatforms) = preSolution
		Debug|Any CPU = Debug|Any CPU
		Release|Any CPU = Release|Any CPU
	EndGlobalSection
	GlobalSection(ProjectConfigurationPlatforms) = postSolution
		{9D9E0514-DBBA-4E82-8ADB-49BF25747DFD}.Debug|Any CPU.ActiveCfg = Debug|Any CPU
		{9D9E0514-DBBA-4E82-8ADB-49BF25747DFD}.Debug|Any CPU.Build.0 = Debug|Any CPU
		{9D9E0514-DBBA-4E82-8ADB-49BF25747DFD}.Release|Any CPU.ActiveCfg = Release|Any CPU
		{9D9E0514-DBBA-4E82-8ADB-49BF25747DFD}.Release|Any CPU.Build.0 = Release|Any CPU
	EndGlobalSection
	GlobalSection(SolutionProperties) = preSolution
		HideSolutionNode = FALSE
	EndGlobalSection
	GlobalSection(ExtensibilityGlobals) = postSolution
		SolutionGuid = {3465B2AB-637F-4656-83C4-C98EF6BD3234}
	EndGlobalSection
EndGlobal
