
Microsoft Visual Studio Solution File, Format Version 12.00
# Visual Studio Version 17
VisualStudioVersion = 17.6.33829.357
MinimumVisualStudioVersion = 10.0.40219.1
Project("{FAE04EC0-301F-11D3-BF4B-00C04F79EFBC}") = "3_Sum of Prime and Non-Prime Numbers", "3_Sum of Prime and Non-Prime Numbers.csproj", "{B4E686DB-C5B0-4F00-9AA0-21F756A42265}"
EndProject
Global
	GlobalSection(SolutionConfigurationPlatforms) = preSolution
		Debug|Any CPU = Debug|Any CPU
		Release|Any CPU = Release|Any CPU
	EndGlobalSection
	GlobalSection(ProjectConfigurationPlatforms) = postSolution
		{B4E686DB-C5B0-4F00-9AA0-21F756A42265}.Debug|Any CPU.ActiveCfg = Debug|Any CPU
		{B4E686DB-C5B0-4F00-9AA0-21F756A42265}.Debug|Any CPU.Build.0 = Debug|Any CPU
		{B4E686DB-C5B0-4F00-9AA0-21F756A42265}.Release|Any CPU.ActiveCfg = Release|Any CPU
		{B4E686DB-C5B0-4F00-9AA0-21F756A42265}.Release|Any CPU.Build.0 = Release|Any CPU
	EndGlobalSection
	GlobalSection(SolutionProperties) = preSolution
		HideSolutionNode = FALSE
	EndGlobalSection
	GlobalSection(ExtensibilityGlobals) = postSolution
		SolutionGuid = {A3F19579-DCF1-4657-B698-45FD072BEE46}
	EndGlobalSection
EndGlobal
