
Microsoft Visual Studio Solution File, Format Version 12.00
# Visual Studio Version 17
VisualStudioVersion = 17.6.33829.357
MinimumVisualStudioVersion = 10.0.40219.1
Project("{9A19103F-16F7-4668-BE54-9A1E7A4F7556}") = "04_Food or Drink", "04_Food or Drink.csproj", "{EC9E68DD-B19E-4CAF-AC4E-9DC669727B9D}"
EndProject
Global
	GlobalSection(SolutionConfigurationPlatforms) = preSolution
		Debug|Any CPU = Debug|Any CPU
		Release|Any CPU = Release|Any CPU
	EndGlobalSection
	GlobalSection(ProjectConfigurationPlatforms) = postSolution
		{EC9E68DD-B19E-4CAF-AC4E-9DC669727B9D}.Debug|Any CPU.ActiveCfg = Debug|Any CPU
		{EC9E68DD-B19E-4CAF-AC4E-9DC669727B9D}.Debug|Any CPU.Build.0 = Debug|Any CPU
		{EC9E68DD-B19E-4CAF-AC4E-9DC669727B9D}.Release|Any CPU.ActiveCfg = Release|Any CPU
		{EC9E68DD-B19E-4CAF-AC4E-9DC669727B9D}.Release|Any CPU.Build.0 = Release|Any CPU
	EndGlobalSection
	GlobalSection(SolutionProperties) = preSolution
		HideSolutionNode = FALSE
	EndGlobalSection
	GlobalSection(ExtensibilityGlobals) = postSolution
		SolutionGuid = {D116E50E-488B-4B4D-AA82-259B8C217116}
	EndGlobalSection
EndGlobal
