
Microsoft Visual Studio Solution File, Format Version 12.00
# Visual Studio Version 17
VisualStudioVersion = 17.6.33829.357
MinimumVisualStudioVersion = 10.0.40219.1
Project("{9A19103F-16F7-4668-BE54-9A1E7A4F7556}") = "01_Change List", "01_Change List\01_Change List.csproj", "{A34160C4-9C38-403A-B4F6-09E22DDC8547}"
EndProject
Project("{9A19103F-16F7-4668-BE54-9A1E7A4F7556}") = "02_List of Products", "02_List of Products\02_List of Products.csproj", "{B41B7005-4BC6-4B05-B41A-9E060C8C2F86}"
EndProject
Project("{9A19103F-16F7-4668-BE54-9A1E7A4F7556}") = "03_Remove Negatives and Reverse", "03_Remove Negatives and Reverse\03_Remove Negatives and Reverse.csproj", "{1624BB44-6E0F-4D23-AE48-B511FA529FCA}"
EndProject
Project("{9A19103F-16F7-4668-BE54-9A1E7A4F7556}") = "04_List Manipulation Basics", "04_List Manipulation Basics\04_List Manipulation Basics.csproj", "{CAA3548C-7F55-49E3-B45F-C35C5A5E8C76}"
EndProject
Project("{FAE04EC0-301F-11D3-BF4B-00C04F79EFBC}") = "05_List Manipulation Advanced", "05_List Manipulation Advanced\05_List Manipulation Advanced.csproj", "{66681EBC-B4CF-4B2F-BA9E-6D6671E62AD8}"
EndProject
Global
	GlobalSection(SolutionConfigurationPlatforms) = preSolution
		Debug|Any CPU = Debug|Any CPU
		Release|Any CPU = Release|Any CPU
	EndGlobalSection
	GlobalSection(ProjectConfigurationPlatforms) = postSolution
		{A34160C4-9C38-403A-B4F6-09E22DDC8547}.Debug|Any CPU.ActiveCfg = Debug|Any CPU
		{A34160C4-9C38-403A-B4F6-09E22DDC8547}.Debug|Any CPU.Build.0 = Debug|Any CPU
		{A34160C4-9C38-403A-B4F6-09E22DDC8547}.Release|Any CPU.ActiveCfg = Release|Any CPU
		{A34160C4-9C38-403A-B4F6-09E22DDC8547}.Release|Any CPU.Build.0 = Release|Any CPU
		{B41B7005-4BC6-4B05-B41A-9E060C8C2F86}.Debug|Any CPU.ActiveCfg = Debug|Any CPU
		{B41B7005-4BC6-4B05-B41A-9E060C8C2F86}.Debug|Any CPU.Build.0 = Debug|Any CPU
		{B41B7005-4BC6-4B05-B41A-9E060C8C2F86}.Release|Any CPU.ActiveCfg = Release|Any CPU
		{B41B7005-4BC6-4B05-B41A-9E060C8C2F86}.Release|Any CPU.Build.0 = Release|Any CPU
		{1624BB44-6E0F-4D23-AE48-B511FA529FCA}.Debug|Any CPU.ActiveCfg = Debug|Any CPU
		{1624BB44-6E0F-4D23-AE48-B511FA529FCA}.Debug|Any CPU.Build.0 = Debug|Any CPU
		{1624BB44-6E0F-4D23-AE48-B511FA529FCA}.Release|Any CPU.ActiveCfg = Release|Any CPU
		{1624BB44-6E0F-4D23-AE48-B511FA529FCA}.Release|Any CPU.Build.0 = Release|Any CPU
		{CAA3548C-7F55-49E3-B45F-C35C5A5E8C76}.Debug|Any CPU.ActiveCfg = Debug|Any CPU
		{CAA3548C-7F55-49E3-B45F-C35C5A5E8C76}.Debug|Any CPU.Build.0 = Debug|Any CPU
		{CAA3548C-7F55-49E3-B45F-C35C5A5E8C76}.Release|Any CPU.ActiveCfg = Release|Any CPU
		{CAA3548C-7F55-49E3-B45F-C35C5A5E8C76}.Release|Any CPU.Build.0 = Release|Any CPU
		{66681EBC-B4CF-4B2F-BA9E-6D6671E62AD8}.Debug|Any CPU.ActiveCfg = Debug|Any CPU
		{66681EBC-B4CF-4B2F-BA9E-6D6671E62AD8}.Debug|Any CPU.Build.0 = Debug|Any CPU
		{66681EBC-B4CF-4B2F-BA9E-6D6671E62AD8}.Release|Any CPU.ActiveCfg = Release|Any CPU
		{66681EBC-B4CF-4B2F-BA9E-6D6671E62AD8}.Release|Any CPU.Build.0 = Release|Any CPU
	EndGlobalSection
	GlobalSection(SolutionProperties) = preSolution
		HideSolutionNode = FALSE
	EndGlobalSection
	GlobalSection(ExtensibilityGlobals) = postSolution
		SolutionGuid = {C4D70A04-4EAE-4408-AAEC-F146B30F1201}
	EndGlobalSection
EndGlobal
